
Microsoft Visual Studio Solution File, Format Version 12.00
# Visual Studio Version 17
VisualStudioVersion = 17.5.33103.201
MinimumVisualStudioVersion = 10.0.40219.1
Project("{FAE04EC0-301F-11D3-BF4B-00C04F79EFBC}") = "IZ3_4", "IZ3_4\IZ3_4.csproj", "{F3F6DF28-5E3A-4E64-9AAA-332AC771BD54}"
EndProject
Project("{2150E333-8FDC-42A3-9474-1A3956D46DE8}") = "Новая папка1", "Новая папка1", "{C5997C25-55C8-4140-9F51-5F29FF29E50F}"
EndProject
Global
	GlobalSection(SolutionConfigurationPlatforms) = preSolution
		Debug|Any CPU = Debug|Any CPU
		Release|Any CPU = Release|Any CPU
	EndGlobalSection
	GlobalSection(ProjectConfigurationPlatforms) = postSolution
		{F3F6DF28-5E3A-4E64-9AAA-332AC771BD54}.Debug|Any CPU.ActiveCfg = Debug|Any CPU
		{F3F6DF28-5E3A-4E64-9AAA-332AC771BD54}.Debug|Any CPU.Build.0 = Debug|Any CPU
		{F3F6DF28-5E3A-4E64-9AAA-332AC771BD54}.Release|Any CPU.ActiveCfg = Release|Any CPU
		{F3F6DF28-5E3A-4E64-9AAA-332AC771BD54}.Release|Any CPU.Build.0 = Release|Any CPU
	EndGlobalSection
	GlobalSection(SolutionProperties) = preSolution
		HideSolutionNode = FALSE
	EndGlobalSection
	GlobalSection(ExtensibilityGlobals) = postSolution
		SolutionGuid = {1ADDFD1F-BE72-4C66-8B06-85D371898543}
	EndGlobalSection
EndGlobal
